
Microsoft Visual Studio Solution File, Format Version 12.00
# Visual Studio Version 16
VisualStudioVersion = 16.0.31019.35
MinimumVisualStudioVersion = 10.0.40219.1
Project("{9A19103F-16F7-4668-BE54-9A1E7A4F7556}") = "IvarI.MEF.Plugins", "IvarI.MEF.Plugins\IvarI.MEF.Plugins.csproj", "{07127E19-7353-47B3-AF6C-9E112EC4263B}"
EndProject
Project("{9A19103F-16F7-4668-BE54-9A1E7A4F7556}") = "Plugins.Tests", "Plugins.Tests\Plugins.Tests.csproj", "{C41D53F1-8DF7-4741-B22F-5E539226697C}"
EndProject
Project("{9A19103F-16F7-4668-BE54-9A1E7A4F7556}") = "TestSharedInterfacesLib", "TestSharedInterfacesLib\TestSharedInterfacesLib.csproj", "{6AD516B6-1C09-4E34-A01D-31348DC1E6CC}"
EndProject
Project("{9A19103F-16F7-4668-BE54-9A1E7A4F7556}") = "TestPlugin0Lib", "TestPlugin0Lib\TestPlugin0Lib.csproj", "{AF575B87-EA04-4AFA-AC68-603126EF0741}"
EndProject
Global
	GlobalSection(SolutionConfigurationPlatforms) = preSolution
		Debug|Any CPU = Debug|Any CPU
		Release|Any CPU = Release|Any CPU
	EndGlobalSection
	GlobalSection(ProjectConfigurationPlatforms) = postSolution
		{07127E19-7353-47B3-AF6C-9E112EC4263B}.Debug|Any CPU.ActiveCfg = Debug|Any CPU
		{07127E19-7353-47B3-AF6C-9E112EC4263B}.Debug|Any CPU.Build.0 = Debug|Any CPU
		{07127E19-7353-47B3-AF6C-9E112EC4263B}.Release|Any CPU.ActiveCfg = Release|Any CPU
		{07127E19-7353-47B3-AF6C-9E112EC4263B}.Release|Any CPU.Build.0 = Release|Any CPU
		{C41D53F1-8DF7-4741-B22F-5E539226697C}.Debug|Any CPU.ActiveCfg = Debug|Any CPU
		{C41D53F1-8DF7-4741-B22F-5E539226697C}.Debug|Any CPU.Build.0 = Debug|Any CPU
		{C41D53F1-8DF7-4741-B22F-5E539226697C}.Release|Any CPU.ActiveCfg = Release|Any CPU
		{C41D53F1-8DF7-4741-B22F-5E539226697C}.Release|Any CPU.Build.0 = Release|Any CPU
		{6AD516B6-1C09-4E34-A01D-31348DC1E6CC}.Debug|Any CPU.ActiveCfg = Debug|Any CPU
		{6AD516B6-1C09-4E34-A01D-31348DC1E6CC}.Debug|Any CPU.Build.0 = Debug|Any CPU
		{6AD516B6-1C09-4E34-A01D-31348DC1E6CC}.Release|Any CPU.ActiveCfg = Release|Any CPU
		{6AD516B6-1C09-4E34-A01D-31348DC1E6CC}.Release|Any CPU.Build.0 = Release|Any CPU
		{AF575B87-EA04-4AFA-AC68-603126EF0741}.Debug|Any CPU.ActiveCfg = Debug|Any CPU
		{AF575B87-EA04-4AFA-AC68-603126EF0741}.Debug|Any CPU.Build.0 = Debug|Any CPU
		{AF575B87-EA04-4AFA-AC68-603126EF0741}.Release|Any CPU.ActiveCfg = Release|Any CPU
		{AF575B87-EA04-4AFA-AC68-603126EF0741}.Release|Any CPU.Build.0 = Release|Any CPU
	EndGlobalSection
	GlobalSection(SolutionProperties) = preSolution
		HideSolutionNode = FALSE
	EndGlobalSection
	GlobalSection(ExtensibilityGlobals) = postSolution
		SolutionGuid = {EC544B0A-7904-4151-9FD2-49D43953F4C9}
	EndGlobalSection
EndGlobal
