
Microsoft Visual Studio Solution File, Format Version 12.00
# Visual Studio 15
VisualStudioVersion = 15.0.28307.1259
MinimumVisualStudioVersion = 10.0.40219.1
Project("{FAE04EC0-301F-11D3-BF4B-00C04F79EFBC}") = "ToolBox", "ToolBox\ToolBox.csproj", "{07127E19-7353-47B3-AF6C-9E112EC4263B}"
EndProject
Global
	GlobalSection(SolutionConfigurationPlatforms) = preSolution
		Debug|Any CPU = Debug|Any CPU
		Release|Any CPU = Release|Any CPU
	EndGlobalSection
	GlobalSection(ProjectConfigurationPlatforms) = postSolution
		{07127E19-7353-47B3-AF6C-9E112EC4263B}.Debug|Any CPU.ActiveCfg = Debug|Any CPU
		{07127E19-7353-47B3-AF6C-9E112EC4263B}.Debug|Any CPU.Build.0 = Debug|Any CPU
		{07127E19-7353-47B3-AF6C-9E112EC4263B}.Release|Any CPU.ActiveCfg = Release|Any CPU
		{07127E19-7353-47B3-AF6C-9E112EC4263B}.Release|Any CPU.Build.0 = Release|Any CPU
	EndGlobalSection
	GlobalSection(SolutionProperties) = preSolution
		HideSolutionNode = FALSE
	EndGlobalSection
	GlobalSection(ExtensibilityGlobals) = postSolution
		SolutionGuid = {EC544B0A-7904-4151-9FD2-49D43953F4C9}
	EndGlobalSection
EndGlobal
